
Microsoft Visual Studio Solution File, Format Version 12.00
# Visual Studio Version 17
VisualStudioVersion = 17.4.33122.133
MinimumVisualStudioVersion = 10.0.40219.1
Project("{FAE04EC0-301F-11D3-BF4B-00C04F79EFBC}") = "Wpf Project 1", "Wpf Project 1\Wpf Project 1.csproj", "{934FA7B6-F13D-46EE-9C23-3BBA231316F7}"
EndProject
Global
	GlobalSection(SolutionConfigurationPlatforms) = preSolution
		Debug|Any CPU = Debug|Any CPU
		Release|Any CPU = Release|Any CPU
	EndGlobalSection
	GlobalSection(ProjectConfigurationPlatforms) = postSolution
		{934FA7B6-F13D-46EE-9C23-3BBA231316F7}.Debug|Any CPU.ActiveCfg = Debug|Any CPU
		{934FA7B6-F13D-46EE-9C23-3BBA231316F7}.Debug|Any CPU.Build.0 = Debug|Any CPU
		{934FA7B6-F13D-46EE-9C23-3BBA231316F7}.Release|Any CPU.ActiveCfg = Release|Any CPU
		{934FA7B6-F13D-46EE-9C23-3BBA231316F7}.Release|Any CPU.Build.0 = Release|Any CPU
	EndGlobalSection
	GlobalSection(SolutionProperties) = preSolution
		HideSolutionNode = FALSE
	EndGlobalSection
	GlobalSection(ExtensibilityGlobals) = postSolution
		SolutionGuid = {AC869A5B-3631-4539-85BE-C4D4E405A7C8}
	EndGlobalSection
EndGlobal
