
Microsoft Visual Studio Solution File, Format Version 12.00
# Visual Studio Version 17
VisualStudioVersion = 17.5.33516.290
MinimumVisualStudioVersion = 10.0.40219.1
Project("{FAE04EC0-301F-11D3-BF4B-00C04F79EFBC}") = "WpfApp2", "WpfApp2\WpfApp2.csproj", "{098C4D3B-FD90-41A2-9691-FB6B6E1E43A8}"
EndProject
Global
	GlobalSection(SolutionConfigurationPlatforms) = preSolution
		Debug|Any CPU = Debug|Any CPU
		Release|Any CPU = Release|Any CPU
	EndGlobalSection
	GlobalSection(ProjectConfigurationPlatforms) = postSolution
		{098C4D3B-FD90-41A2-9691-FB6B6E1E43A8}.Debug|Any CPU.ActiveCfg = Debug|Any CPU
		{098C4D3B-FD90-41A2-9691-FB6B6E1E43A8}.Debug|Any CPU.Build.0 = Debug|Any CPU
		{098C4D3B-FD90-41A2-9691-FB6B6E1E43A8}.Release|Any CPU.ActiveCfg = Release|Any CPU
		{098C4D3B-FD90-41A2-9691-FB6B6E1E43A8}.Release|Any CPU.Build.0 = Release|Any CPU
	EndGlobalSection
	GlobalSection(SolutionProperties) = preSolution
		HideSolutionNode = FALSE
	EndGlobalSection
	GlobalSection(ExtensibilityGlobals) = postSolution
		SolutionGuid = {5433E067-92FC-48CC-A7D5-3908ECC5A20E}
	EndGlobalSection
EndGlobal
