
Microsoft Visual Studio Solution File, Format Version 12.00
# Visual Studio Version 17
VisualStudioVersion = 17.5.33516.290
MinimumVisualStudioVersion = 10.0.40219.1
Project("{FAE04EC0-301F-11D3-BF4B-00C04F79EFBC}") = "C# Serialization (XML, JSON)", "C# Serialization (XML, JSON)\C# Serialization (XML, JSON).csproj", "{A81A0656-2FB4-4220-B10D-907FC21EF229}"
EndProject
Global
	GlobalSection(SolutionConfigurationPlatforms) = preSolution
		Debug|Any CPU = Debug|Any CPU
		Release|Any CPU = Release|Any CPU
	EndGlobalSection
	GlobalSection(ProjectConfigurationPlatforms) = postSolution
		{A81A0656-2FB4-4220-B10D-907FC21EF229}.Debug|Any CPU.ActiveCfg = Debug|Any CPU
		{A81A0656-2FB4-4220-B10D-907FC21EF229}.Debug|Any CPU.Build.0 = Debug|Any CPU
		{A81A0656-2FB4-4220-B10D-907FC21EF229}.Release|Any CPU.ActiveCfg = Release|Any CPU
		{A81A0656-2FB4-4220-B10D-907FC21EF229}.Release|Any CPU.Build.0 = Release|Any CPU
	EndGlobalSection
	GlobalSection(SolutionProperties) = preSolution
		HideSolutionNode = FALSE
	EndGlobalSection
	GlobalSection(ExtensibilityGlobals) = postSolution
		SolutionGuid = {C83F41AD-1CE4-4083-B788-3406E9065C05}
	EndGlobalSection
EndGlobal
