
Microsoft Visual Studio Solution File, Format Version 12.00
# Visual Studio Version 17
VisualStudioVersion = 17.3.32929.385
MinimumVisualStudioVersion = 10.0.40219.1
Project("{FAE04EC0-301F-11D3-BF4B-00C04F79EFBC}") = "SERVER", "SERVER\SERVER.csproj", "{9B643431-593F-4FE3-8539-1CE0CA834402}"
EndProject
Project("{FAE04EC0-301F-11D3-BF4B-00C04F79EFBC}") = "CLIENT", "CLIENT\CLIENT.csproj", "{C497219E-F4A8-4012-AECB-920305E91EB4}"
EndProject
Global
	GlobalSection(SolutionConfigurationPlatforms) = preSolution
		Debug|Any CPU = Debug|Any CPU
		Release|Any CPU = Release|Any CPU
	EndGlobalSection
	GlobalSection(ProjectConfigurationPlatforms) = postSolution
		{9B643431-593F-4FE3-8539-1CE0CA834402}.Debug|Any CPU.ActiveCfg = Debug|Any CPU
		{9B643431-593F-4FE3-8539-1CE0CA834402}.Debug|Any CPU.Build.0 = Debug|Any CPU
		{9B643431-593F-4FE3-8539-1CE0CA834402}.Release|Any CPU.ActiveCfg = Release|Any CPU
		{9B643431-593F-4FE3-8539-1CE0CA834402}.Release|Any CPU.Build.0 = Release|Any CPU
		{C497219E-F4A8-4012-AECB-920305E91EB4}.Debug|Any CPU.ActiveCfg = Debug|Any CPU
		{C497219E-F4A8-4012-AECB-920305E91EB4}.Debug|Any CPU.Build.0 = Debug|Any CPU
		{C497219E-F4A8-4012-AECB-920305E91EB4}.Release|Any CPU.ActiveCfg = Release|Any CPU
		{C497219E-F4A8-4012-AECB-920305E91EB4}.Release|Any CPU.Build.0 = Release|Any CPU
	EndGlobalSection
	GlobalSection(SolutionProperties) = preSolution
		HideSolutionNode = FALSE
	EndGlobalSection
	GlobalSection(ExtensibilityGlobals) = postSolution
		SolutionGuid = {44632CC4-AB8F-4BAB-8A0B-15BA6D58181D}
	EndGlobalSection
EndGlobal
