
Microsoft Visual Studio Solution File, Format Version 12.00
# Visual Studio Version 17
VisualStudioVersion = 17.5.33516.290
MinimumVisualStudioVersion = 10.0.40219.1
Project("{FAE04EC0-301F-11D3-BF4B-00C04F79EFBC}") = "C# Value Type, out, in, keyword, enum etc.", "..\C# Value Type, out, in, keyword, enum etc\C# Value Type, out, in, keyword, enum etc\C# Value Type, out, in, keyword, enum etc..csproj", "{799379BF-DBB8-49B5-97E8-DA5523CD422A}"
EndProject
Global
	GlobalSection(SolutionConfigurationPlatforms) = preSolution
		Debug|Any CPU = Debug|Any CPU
		Release|Any CPU = Release|Any CPU
	EndGlobalSection
	GlobalSection(ProjectConfigurationPlatforms) = postSolution
		{799379BF-DBB8-49B5-97E8-DA5523CD422A}.Debug|Any CPU.ActiveCfg = Debug|Any CPU
		{799379BF-DBB8-49B5-97E8-DA5523CD422A}.Debug|Any CPU.Build.0 = Debug|Any CPU
		{799379BF-DBB8-49B5-97E8-DA5523CD422A}.Release|Any CPU.ActiveCfg = Release|Any CPU
		{799379BF-DBB8-49B5-97E8-DA5523CD422A}.Release|Any CPU.Build.0 = Release|Any CPU
	EndGlobalSection
	GlobalSection(SolutionProperties) = preSolution
		HideSolutionNode = FALSE
	EndGlobalSection
	GlobalSection(ExtensibilityGlobals) = postSolution
		SolutionGuid = {40E9B91C-D22C-43C8-8EAC-C5668683BCAF}
	EndGlobalSection
EndGlobal
