
Microsoft Visual Studio Solution File, Format Version 12.00
# Visual Studio Version 17
VisualStudioVersion = 17.5.33516.290
MinimumVisualStudioVersion = 10.0.40219.1
Project("{FAE04EC0-301F-11D3-BF4B-00C04F79EFBC}") = "C# Anonym Functions", "C# Anonym Functions\C# Anonym Functions.csproj", "{0450F914-5355-42D4-8A66-DE2BE4139D65}"
EndProject
Global
	GlobalSection(SolutionConfigurationPlatforms) = preSolution
		Debug|Any CPU = Debug|Any CPU
		Release|Any CPU = Release|Any CPU
	EndGlobalSection
	GlobalSection(ProjectConfigurationPlatforms) = postSolution
		{0450F914-5355-42D4-8A66-DE2BE4139D65}.Debug|Any CPU.ActiveCfg = Debug|Any CPU
		{0450F914-5355-42D4-8A66-DE2BE4139D65}.Debug|Any CPU.Build.0 = Debug|Any CPU
		{0450F914-5355-42D4-8A66-DE2BE4139D65}.Release|Any CPU.ActiveCfg = Release|Any CPU
		{0450F914-5355-42D4-8A66-DE2BE4139D65}.Release|Any CPU.Build.0 = Release|Any CPU
	EndGlobalSection
	GlobalSection(SolutionProperties) = preSolution
		HideSolutionNode = FALSE
	EndGlobalSection
	GlobalSection(ExtensibilityGlobals) = postSolution
		SolutionGuid = {342DE5CE-F8EB-46D4-AFB0-703802539485}
	EndGlobalSection
EndGlobal
