
Microsoft Visual Studio Solution File, Format Version 12.00
# Visual Studio Version 17
VisualStudioVersion = 17.4.33122.133
MinimumVisualStudioVersion = 10.0.40219.1
Project("{8BC9CEB8-8B4A-11D0-8D11-00A0C91BC942}") = "C++ OOP Copy Constructors", "C++ OOP Copy Constructors\C++ OOP Copy Constructors.vcxproj", "{DDDB2F15-B1D8-4B9F-B51F-BD34889E5A5B}"
EndProject
Global
	GlobalSection(SolutionConfigurationPlatforms) = preSolution
		Debug|x64 = Debug|x64
		Debug|x86 = Debug|x86
		Release|x64 = Release|x64
		Release|x86 = Release|x86
	EndGlobalSection
	GlobalSection(ProjectConfigurationPlatforms) = postSolution
		{DDDB2F15-B1D8-4B9F-B51F-BD34889E5A5B}.Debug|x64.ActiveCfg = Debug|x64
		{DDDB2F15-B1D8-4B9F-B51F-BD34889E5A5B}.Debug|x64.Build.0 = Debug|x64
		{DDDB2F15-B1D8-4B9F-B51F-BD34889E5A5B}.Debug|x86.ActiveCfg = Debug|Win32
		{DDDB2F15-B1D8-4B9F-B51F-BD34889E5A5B}.Debug|x86.Build.0 = Debug|Win32
		{DDDB2F15-B1D8-4B9F-B51F-BD34889E5A5B}.Release|x64.ActiveCfg = Release|x64
		{DDDB2F15-B1D8-4B9F-B51F-BD34889E5A5B}.Release|x64.Build.0 = Release|x64
		{DDDB2F15-B1D8-4B9F-B51F-BD34889E5A5B}.Release|x86.ActiveCfg = Release|Win32
		{DDDB2F15-B1D8-4B9F-B51F-BD34889E5A5B}.Release|x86.Build.0 = Release|Win32
	EndGlobalSection
	GlobalSection(SolutionProperties) = preSolution
		HideSolutionNode = FALSE
	EndGlobalSection
	GlobalSection(ExtensibilityGlobals) = postSolution
		SolutionGuid = {D80B2A5D-6EE2-4D3D-8123-82AEE0F48A76}
	EndGlobalSection
EndGlobal
