
Microsoft Visual Studio Solution File, Format Version 12.00
# Visual Studio Version 17
VisualStudioVersion = 17.4.33122.133
MinimumVisualStudioVersion = 10.0.40219.1
Project("{8BC9CEB8-8B4A-11D0-8D11-00A0C91BC942}") = "Class Introdaction", "Class Introdaction\Class Introdaction.vcxproj", "{3499F49E-918C-4B9E-93B1-CFA98B5D0558}"
EndProject
Global
	GlobalSection(SolutionConfigurationPlatforms) = preSolution
		Debug|x64 = Debug|x64
		Debug|x86 = Debug|x86
		Release|x64 = Release|x64
		Release|x86 = Release|x86
	EndGlobalSection
	GlobalSection(ProjectConfigurationPlatforms) = postSolution
		{3499F49E-918C-4B9E-93B1-CFA98B5D0558}.Debug|x64.ActiveCfg = Debug|x64
		{3499F49E-918C-4B9E-93B1-CFA98B5D0558}.Debug|x64.Build.0 = Debug|x64
		{3499F49E-918C-4B9E-93B1-CFA98B5D0558}.Debug|x86.ActiveCfg = Debug|Win32
		{3499F49E-918C-4B9E-93B1-CFA98B5D0558}.Debug|x86.Build.0 = Debug|Win32
		{3499F49E-918C-4B9E-93B1-CFA98B5D0558}.Release|x64.ActiveCfg = Release|x64
		{3499F49E-918C-4B9E-93B1-CFA98B5D0558}.Release|x64.Build.0 = Release|x64
		{3499F49E-918C-4B9E-93B1-CFA98B5D0558}.Release|x86.ActiveCfg = Release|Win32
		{3499F49E-918C-4B9E-93B1-CFA98B5D0558}.Release|x86.Build.0 = Release|Win32
	EndGlobalSection
	GlobalSection(SolutionProperties) = preSolution
		HideSolutionNode = FALSE
	EndGlobalSection
	GlobalSection(ExtensibilityGlobals) = postSolution
		SolutionGuid = {5CCDFA7F-CB34-47F5-B26F-8CA1F1CD63CC}
	EndGlobalSection
EndGlobal
