
Microsoft Visual Studio Solution File, Format Version 12.00
# Visual Studio Version 17
VisualStudioVersion = 17.5.33516.290
MinimumVisualStudioVersion = 10.0.40219.1
Project("{FAE04EC0-301F-11D3-BF4B-00C04F79EFBC}") = "C# Check", "C# Check\C# Check.csproj", "{A74DA601-50A7-4746-88C2-9EAF4533DFAE}"
EndProject
Global
	GlobalSection(SolutionConfigurationPlatforms) = preSolution
		Debug|Any CPU = Debug|Any CPU
		Release|Any CPU = Release|Any CPU
	EndGlobalSection
	GlobalSection(ProjectConfigurationPlatforms) = postSolution
		{A74DA601-50A7-4746-88C2-9EAF4533DFAE}.Debug|Any CPU.ActiveCfg = Debug|Any CPU
		{A74DA601-50A7-4746-88C2-9EAF4533DFAE}.Debug|Any CPU.Build.0 = Debug|Any CPU
		{A74DA601-50A7-4746-88C2-9EAF4533DFAE}.Release|Any CPU.ActiveCfg = Release|Any CPU
		{A74DA601-50A7-4746-88C2-9EAF4533DFAE}.Release|Any CPU.Build.0 = Release|Any CPU
	EndGlobalSection
	GlobalSection(SolutionProperties) = preSolution
		HideSolutionNode = FALSE
	EndGlobalSection
	GlobalSection(ExtensibilityGlobals) = postSolution
		SolutionGuid = {20301D21-C528-4AD5-B168-B95540A6423A}
	EndGlobalSection
EndGlobal
