
Microsoft Visual Studio Solution File, Format Version 12.00
# Visual Studio Version 17
VisualStudioVersion = 17.5.33516.290
MinimumVisualStudioVersion = 10.0.40219.1
Project("{FAE04EC0-301F-11D3-BF4B-00C04F79EFBC}") = "C# Arrays", "C# Arrays\C# Arrays.csproj", "{4819EDD7-7793-4587-8318-C261A1173A75}"
EndProject
Global
	GlobalSection(SolutionConfigurationPlatforms) = preSolution
		Debug|Any CPU = Debug|Any CPU
		Release|Any CPU = Release|Any CPU
	EndGlobalSection
	GlobalSection(ProjectConfigurationPlatforms) = postSolution
		{4819EDD7-7793-4587-8318-C261A1173A75}.Debug|Any CPU.ActiveCfg = Debug|Any CPU
		{4819EDD7-7793-4587-8318-C261A1173A75}.Debug|Any CPU.Build.0 = Debug|Any CPU
		{4819EDD7-7793-4587-8318-C261A1173A75}.Release|Any CPU.ActiveCfg = Release|Any CPU
		{4819EDD7-7793-4587-8318-C261A1173A75}.Release|Any CPU.Build.0 = Release|Any CPU
	EndGlobalSection
	GlobalSection(SolutionProperties) = preSolution
		HideSolutionNode = FALSE
	EndGlobalSection
	GlobalSection(ExtensibilityGlobals) = postSolution
		SolutionGuid = {2A727F9D-BCE7-48B3-AC59-F380585EC7BF}
	EndGlobalSection
EndGlobal
