
Microsoft Visual Studio Solution File, Format Version 12.00
# Visual Studio Version 17
VisualStudioVersion = 17.5.33516.290
MinimumVisualStudioVersion = 10.0.40219.1
Project("{FAE04EC0-301F-11D3-BF4B-00C04F79EFBC}") = "C# ReadOnly, Namespace, Index etc.", "..\C# ReadOnly, Namespace, Index etc\C# ReadOnly, Namespace, Index etc\C# ReadOnly, Namespace, Index etc..csproj", "{D38F97D6-FED2-4B0B-82B2-D2D9A79B0FFA}"
EndProject
Global
	GlobalSection(SolutionConfigurationPlatforms) = preSolution
		Debug|Any CPU = Debug|Any CPU
		Release|Any CPU = Release|Any CPU
	EndGlobalSection
	GlobalSection(ProjectConfigurationPlatforms) = postSolution
		{D38F97D6-FED2-4B0B-82B2-D2D9A79B0FFA}.Debug|Any CPU.ActiveCfg = Debug|Any CPU
		{D38F97D6-FED2-4B0B-82B2-D2D9A79B0FFA}.Debug|Any CPU.Build.0 = Debug|Any CPU
		{D38F97D6-FED2-4B0B-82B2-D2D9A79B0FFA}.Release|Any CPU.ActiveCfg = Release|Any CPU
		{D38F97D6-FED2-4B0B-82B2-D2D9A79B0FFA}.Release|Any CPU.Build.0 = Release|Any CPU
	EndGlobalSection
	GlobalSection(SolutionProperties) = preSolution
		HideSolutionNode = FALSE
	EndGlobalSection
	GlobalSection(ExtensibilityGlobals) = postSolution
		SolutionGuid = {CADD69B0-BD8B-4C85-86E9-F8241BDB22A3}
	EndGlobalSection
EndGlobal
