
Microsoft Visual Studio Solution File, Format Version 12.00
# Visual Studio Version 17
VisualStudioVersion = 17.4.33122.133
MinimumVisualStudioVersion = 10.0.40219.1
Project("{8BC9CEB8-8B4A-11D0-8D11-00A0C91BC942}") = "C++ OOP Practics", "C++ OOP Practics\C++ OOP Practics.vcxproj", "{9ADA8F83-CE36-4D34-89C8-C3FE252F0AAF}"
EndProject
Global
	GlobalSection(SolutionConfigurationPlatforms) = preSolution
		Debug|x64 = Debug|x64
		Debug|x86 = Debug|x86
		Release|x64 = Release|x64
		Release|x86 = Release|x86
	EndGlobalSection
	GlobalSection(ProjectConfigurationPlatforms) = postSolution
		{9ADA8F83-CE36-4D34-89C8-C3FE252F0AAF}.Debug|x64.ActiveCfg = Debug|x64
		{9ADA8F83-CE36-4D34-89C8-C3FE252F0AAF}.Debug|x64.Build.0 = Debug|x64
		{9ADA8F83-CE36-4D34-89C8-C3FE252F0AAF}.Debug|x86.ActiveCfg = Debug|Win32
		{9ADA8F83-CE36-4D34-89C8-C3FE252F0AAF}.Debug|x86.Build.0 = Debug|Win32
		{9ADA8F83-CE36-4D34-89C8-C3FE252F0AAF}.Release|x64.ActiveCfg = Release|x64
		{9ADA8F83-CE36-4D34-89C8-C3FE252F0AAF}.Release|x64.Build.0 = Release|x64
		{9ADA8F83-CE36-4D34-89C8-C3FE252F0AAF}.Release|x86.ActiveCfg = Release|Win32
		{9ADA8F83-CE36-4D34-89C8-C3FE252F0AAF}.Release|x86.Build.0 = Release|Win32
	EndGlobalSection
	GlobalSection(SolutionProperties) = preSolution
		HideSolutionNode = FALSE
	EndGlobalSection
	GlobalSection(ExtensibilityGlobals) = postSolution
		SolutionGuid = {73787A84-44B7-41A7-85C9-613B1F89909C}
	EndGlobalSection
EndGlobal
