
Microsoft Visual Studio Solution File, Format Version 12.00
# Visual Studio Version 17
VisualStudioVersion = 17.5.33516.290
MinimumVisualStudioVersion = 10.0.40219.1
Project("{FAE04EC0-301F-11D3-BF4B-00C04F79EFBC}") = "Network Programming MulticastClient", "Network Programming MulticastClient\Network Programming MulticastClient.csproj", "{79AF1DED-4C6E-4FB8-BC91-57696975C02B}"
EndProject
Project("{FAE04EC0-301F-11D3-BF4B-00C04F79EFBC}") = "MulticastServer", "MulticastServer\MulticastServer.csproj", "{214122C5-6D7E-4180-9850-D9C3B05023C8}"
EndProject
Project("{FAE04EC0-301F-11D3-BF4B-00C04F79EFBC}") = "Broadcast Receiver", "Broadcast Receiver\Broadcast Receiver.csproj", "{B18CE7F4-9AE4-4957-91B4-80890E777911}"
EndProject
Global
	GlobalSection(SolutionConfigurationPlatforms) = preSolution
		Debug|Any CPU = Debug|Any CPU
		Release|Any CPU = Release|Any CPU
	EndGlobalSection
	GlobalSection(ProjectConfigurationPlatforms) = postSolution
		{79AF1DED-4C6E-4FB8-BC91-57696975C02B}.Debug|Any CPU.ActiveCfg = Debug|Any CPU
		{79AF1DED-4C6E-4FB8-BC91-57696975C02B}.Debug|Any CPU.Build.0 = Debug|Any CPU
		{79AF1DED-4C6E-4FB8-BC91-57696975C02B}.Release|Any CPU.ActiveCfg = Release|Any CPU
		{79AF1DED-4C6E-4FB8-BC91-57696975C02B}.Release|Any CPU.Build.0 = Release|Any CPU
		{214122C5-6D7E-4180-9850-D9C3B05023C8}.Debug|Any CPU.ActiveCfg = Debug|Any CPU
		{214122C5-6D7E-4180-9850-D9C3B05023C8}.Debug|Any CPU.Build.0 = Debug|Any CPU
		{214122C5-6D7E-4180-9850-D9C3B05023C8}.Release|Any CPU.ActiveCfg = Release|Any CPU
		{214122C5-6D7E-4180-9850-D9C3B05023C8}.Release|Any CPU.Build.0 = Release|Any CPU
		{B18CE7F4-9AE4-4957-91B4-80890E777911}.Debug|Any CPU.ActiveCfg = Debug|Any CPU
		{B18CE7F4-9AE4-4957-91B4-80890E777911}.Debug|Any CPU.Build.0 = Debug|Any CPU
		{B18CE7F4-9AE4-4957-91B4-80890E777911}.Release|Any CPU.ActiveCfg = Release|Any CPU
		{B18CE7F4-9AE4-4957-91B4-80890E777911}.Release|Any CPU.Build.0 = Release|Any CPU
	EndGlobalSection
	GlobalSection(SolutionProperties) = preSolution
		HideSolutionNode = FALSE
	EndGlobalSection
	GlobalSection(ExtensibilityGlobals) = postSolution
		SolutionGuid = {E7246B88-F13D-42D5-838F-2896A5A9951B}
	EndGlobalSection
EndGlobal
