
Microsoft Visual Studio Solution File, Format Version 12.00
# Visual Studio Version 17
VisualStudioVersion = 17.5.33516.290
MinimumVisualStudioVersion = 10.0.40219.1
Project("{FAE04EC0-301F-11D3-BF4B-00C04F79EFBC}") = "C# Yield Return", "C# Yield Return\C# Yield Return.csproj", "{A2E95A8E-32A9-4A8B-BB0F-1D1F7A06A2F9}"
EndProject
Global
	GlobalSection(SolutionConfigurationPlatforms) = preSolution
		Debug|Any CPU = Debug|Any CPU
		Release|Any CPU = Release|Any CPU
	EndGlobalSection
	GlobalSection(ProjectConfigurationPlatforms) = postSolution
		{A2E95A8E-32A9-4A8B-BB0F-1D1F7A06A2F9}.Debug|Any CPU.ActiveCfg = Debug|Any CPU
		{A2E95A8E-32A9-4A8B-BB0F-1D1F7A06A2F9}.Debug|Any CPU.Build.0 = Debug|Any CPU
		{A2E95A8E-32A9-4A8B-BB0F-1D1F7A06A2F9}.Release|Any CPU.ActiveCfg = Release|Any CPU
		{A2E95A8E-32A9-4A8B-BB0F-1D1F7A06A2F9}.Release|Any CPU.Build.0 = Release|Any CPU
	EndGlobalSection
	GlobalSection(SolutionProperties) = preSolution
		HideSolutionNode = FALSE
	EndGlobalSection
	GlobalSection(ExtensibilityGlobals) = postSolution
		SolutionGuid = {1EAE857E-5F8E-4466-B68B-F10287C44923}
	EndGlobalSection
EndGlobal
