
Microsoft Visual Studio Solution File, Format Version 12.00
# Visual Studio Version 17
VisualStudioVersion = 17.5.33516.290
MinimumVisualStudioVersion = 10.0.40219.1
Project("{FAE04EC0-301F-11D3-BF4B-00C04F79EFBC}") = "Research Send mail'", "Research Send mail'\Research Send mail'.csproj", "{82839DD5-2B75-49B2-B6B4-1D54F4F6FF5C}"
EndProject
Global
	GlobalSection(SolutionConfigurationPlatforms) = preSolution
		Debug|Any CPU = Debug|Any CPU
		Release|Any CPU = Release|Any CPU
	EndGlobalSection
	GlobalSection(ProjectConfigurationPlatforms) = postSolution
		{82839DD5-2B75-49B2-B6B4-1D54F4F6FF5C}.Debug|Any CPU.ActiveCfg = Debug|Any CPU
		{82839DD5-2B75-49B2-B6B4-1D54F4F6FF5C}.Debug|Any CPU.Build.0 = Debug|Any CPU
		{82839DD5-2B75-49B2-B6B4-1D54F4F6FF5C}.Release|Any CPU.ActiveCfg = Release|Any CPU
		{82839DD5-2B75-49B2-B6B4-1D54F4F6FF5C}.Release|Any CPU.Build.0 = Release|Any CPU
	EndGlobalSection
	GlobalSection(SolutionProperties) = preSolution
		HideSolutionNode = FALSE
	EndGlobalSection
	GlobalSection(ExtensibilityGlobals) = postSolution
		SolutionGuid = {64AFC038-8B50-423A-9557-792388CD3619}
	EndGlobalSection
EndGlobal
