
Microsoft Visual Studio Solution File, Format Version 12.00
# Visual Studio Version 17
VisualStudioVersion = 17.5.33516.290
MinimumVisualStudioVersion = 10.0.40219.1
Project("{FAE04EC0-301F-11D3-BF4B-00C04F79EFBC}") = "WinForms Circular Button", "WinForms Circular Button\WinForms Circular Button.csproj", "{AADBD996-AFE6-4CF2-A843-3EB5C2FED257}"
EndProject
Global
	GlobalSection(SolutionConfigurationPlatforms) = preSolution
		Debug|Any CPU = Debug|Any CPU
		Release|Any CPU = Release|Any CPU
	EndGlobalSection
	GlobalSection(ProjectConfigurationPlatforms) = postSolution
		{AADBD996-AFE6-4CF2-A843-3EB5C2FED257}.Debug|Any CPU.ActiveCfg = Debug|Any CPU
		{AADBD996-AFE6-4CF2-A843-3EB5C2FED257}.Debug|Any CPU.Build.0 = Debug|Any CPU
		{AADBD996-AFE6-4CF2-A843-3EB5C2FED257}.Release|Any CPU.ActiveCfg = Release|Any CPU
		{AADBD996-AFE6-4CF2-A843-3EB5C2FED257}.Release|Any CPU.Build.0 = Release|Any CPU
	EndGlobalSection
	GlobalSection(SolutionProperties) = preSolution
		HideSolutionNode = FALSE
	EndGlobalSection
	GlobalSection(ExtensibilityGlobals) = postSolution
		SolutionGuid = {F9C90C8C-2B11-40C4-91A1-9A6F9AE45358}
	EndGlobalSection
EndGlobal
