
Microsoft Visual Studio Solution File, Format Version 12.00
# Visual Studio Version 17
VisualStudioVersion = 17.5.33516.290
MinimumVisualStudioVersion = 10.0.40219.1
Project("{FAE04EC0-301F-11D3-BF4B-00C04F79EFBC}") = "C# Introduction", "C# Introduction\C# Introduction.csproj", "{C6797F3C-E549-4E0E-BFC6-B9D615480C17}"
EndProject
Global
	GlobalSection(SolutionConfigurationPlatforms) = preSolution
		Debug|Any CPU = Debug|Any CPU
		Release|Any CPU = Release|Any CPU
	EndGlobalSection
	GlobalSection(ProjectConfigurationPlatforms) = postSolution
		{C6797F3C-E549-4E0E-BFC6-B9D615480C17}.Debug|Any CPU.ActiveCfg = Debug|Any CPU
		{C6797F3C-E549-4E0E-BFC6-B9D615480C17}.Debug|Any CPU.Build.0 = Debug|Any CPU
		{C6797F3C-E549-4E0E-BFC6-B9D615480C17}.Release|Any CPU.ActiveCfg = Release|Any CPU
		{C6797F3C-E549-4E0E-BFC6-B9D615480C17}.Release|Any CPU.Build.0 = Release|Any CPU
	EndGlobalSection
	GlobalSection(SolutionProperties) = preSolution
		HideSolutionNode = FALSE
	EndGlobalSection
	GlobalSection(ExtensibilityGlobals) = postSolution
		SolutionGuid = {906B0101-5F58-4EBF-B438-14C3C790EB4C}
	EndGlobalSection
EndGlobal
