
Microsoft Visual Studio Solution File, Format Version 12.00
# Visual Studio Version 17
VisualStudioVersion = 17.5.33516.290
MinimumVisualStudioVersion = 10.0.40219.1
Project("{FAE04EC0-301F-11D3-BF4B-00C04F79EFBC}") = "Turbo az Scraping", "Turbo az Scraping\Turbo az Scraping.csproj", "{B1A4E2EB-8D08-4A4D-9367-21A3F2235BA9}"
EndProject
Global
	GlobalSection(SolutionConfigurationPlatforms) = preSolution
		Debug|Any CPU = Debug|Any CPU
		Release|Any CPU = Release|Any CPU
	EndGlobalSection
	GlobalSection(ProjectConfigurationPlatforms) = postSolution
		{B1A4E2EB-8D08-4A4D-9367-21A3F2235BA9}.Debug|Any CPU.ActiveCfg = Debug|Any CPU
		{B1A4E2EB-8D08-4A4D-9367-21A3F2235BA9}.Debug|Any CPU.Build.0 = Debug|Any CPU
		{B1A4E2EB-8D08-4A4D-9367-21A3F2235BA9}.Release|Any CPU.ActiveCfg = Release|Any CPU
		{B1A4E2EB-8D08-4A4D-9367-21A3F2235BA9}.Release|Any CPU.Build.0 = Release|Any CPU
	EndGlobalSection
	GlobalSection(SolutionProperties) = preSolution
		HideSolutionNode = FALSE
	EndGlobalSection
	GlobalSection(ExtensibilityGlobals) = postSolution
		SolutionGuid = {BEDDE4E6-662A-41BA-9839-E492E351118A}
	EndGlobalSection
EndGlobal
