
Microsoft Visual Studio Solution File, Format Version 12.00
# Visual Studio Version 17
VisualStudioVersion = 17.5.33516.290
MinimumVisualStudioVersion = 10.0.40219.1
Project("{FAE04EC0-301F-11D3-BF4B-00C04F79EFBC}") = "WPF Design Practise", "WPF Design Practise\WPF Design Practise.csproj", "{72D6E2F2-97CE-4648-93BB-6614B0763084}"
EndProject
Global
	GlobalSection(SolutionConfigurationPlatforms) = preSolution
		Debug|Any CPU = Debug|Any CPU
		Release|Any CPU = Release|Any CPU
	EndGlobalSection
	GlobalSection(ProjectConfigurationPlatforms) = postSolution
		{72D6E2F2-97CE-4648-93BB-6614B0763084}.Debug|Any CPU.ActiveCfg = Debug|Any CPU
		{72D6E2F2-97CE-4648-93BB-6614B0763084}.Debug|Any CPU.Build.0 = Debug|Any CPU
		{72D6E2F2-97CE-4648-93BB-6614B0763084}.Release|Any CPU.ActiveCfg = Release|Any CPU
		{72D6E2F2-97CE-4648-93BB-6614B0763084}.Release|Any CPU.Build.0 = Release|Any CPU
	EndGlobalSection
	GlobalSection(SolutionProperties) = preSolution
		HideSolutionNode = FALSE
	EndGlobalSection
	GlobalSection(ExtensibilityGlobals) = postSolution
		SolutionGuid = {A0E68041-B63F-4F7D-B877-AB46A122B150}
	EndGlobalSection
EndGlobal
