
Microsoft Visual Studio Solution File, Format Version 12.00
# Visual Studio Version 17
VisualStudioVersion = 17.5.33516.290
MinimumVisualStudioVersion = 10.0.40219.1
Project("{FAE04EC0-301F-11D3-BF4B-00C04F79EFBC}") = "C# Json File", "C# Json File\C# Json File.csproj", "{7BED2C8E-285B-47A2-98CF-2D7D2D45ED4B}"
EndProject
Global
	GlobalSection(SolutionConfigurationPlatforms) = preSolution
		Debug|Any CPU = Debug|Any CPU
		Release|Any CPU = Release|Any CPU
	EndGlobalSection
	GlobalSection(ProjectConfigurationPlatforms) = postSolution
		{7BED2C8E-285B-47A2-98CF-2D7D2D45ED4B}.Debug|Any CPU.ActiveCfg = Debug|Any CPU
		{7BED2C8E-285B-47A2-98CF-2D7D2D45ED4B}.Debug|Any CPU.Build.0 = Debug|Any CPU
		{7BED2C8E-285B-47A2-98CF-2D7D2D45ED4B}.Release|Any CPU.ActiveCfg = Release|Any CPU
		{7BED2C8E-285B-47A2-98CF-2D7D2D45ED4B}.Release|Any CPU.Build.0 = Release|Any CPU
	EndGlobalSection
	GlobalSection(SolutionProperties) = preSolution
		HideSolutionNode = FALSE
	EndGlobalSection
	GlobalSection(ExtensibilityGlobals) = postSolution
		SolutionGuid = {18102DEB-365A-4525-8E78-B768477F65A5}
	EndGlobalSection
EndGlobal
