
Microsoft Visual Studio Solution File, Format Version 12.00
# Visual Studio Version 17
VisualStudioVersion = 17.5.33516.290
MinimumVisualStudioVersion = 10.0.40219.1
Project("{FAE04EC0-301F-11D3-BF4B-00C04F79EFBC}") = "Furniture Factory Example", "Furniture Factory Example\Furniture Factory Example.csproj", "{17AC3694-F142-40B5-B145-6D04A537783D}"
EndProject
Global
	GlobalSection(SolutionConfigurationPlatforms) = preSolution
		Debug|Any CPU = Debug|Any CPU
		Release|Any CPU = Release|Any CPU
	EndGlobalSection
	GlobalSection(ProjectConfigurationPlatforms) = postSolution
		{17AC3694-F142-40B5-B145-6D04A537783D}.Debug|Any CPU.ActiveCfg = Debug|Any CPU
		{17AC3694-F142-40B5-B145-6D04A537783D}.Debug|Any CPU.Build.0 = Debug|Any CPU
		{17AC3694-F142-40B5-B145-6D04A537783D}.Release|Any CPU.ActiveCfg = Release|Any CPU
		{17AC3694-F142-40B5-B145-6D04A537783D}.Release|Any CPU.Build.0 = Release|Any CPU
	EndGlobalSection
	GlobalSection(SolutionProperties) = preSolution
		HideSolutionNode = FALSE
	EndGlobalSection
	GlobalSection(ExtensibilityGlobals) = postSolution
		SolutionGuid = {E8F4DD41-5BB7-48B8-BC59-C4C278211D37}
	EndGlobalSection
EndGlobal
