
Microsoft Visual Studio Solution File, Format Version 12.00
# Visual Studio Version 17
VisualStudioVersion = 17.4.33122.133
MinimumVisualStudioVersion = 10.0.40219.1
Project("{8BC9CEB8-8B4A-11D0-8D11-00A0C91BC942}") = "Thread Local Variable", "Thread Local Variable\Thread Local Variable.vcxproj", "{D6C97888-BE4A-43E6-B08F-D300ED043066}"
EndProject
Global
	GlobalSection(SolutionConfigurationPlatforms) = preSolution
		Debug|x64 = Debug|x64
		Debug|x86 = Debug|x86
		Release|x64 = Release|x64
		Release|x86 = Release|x86
	EndGlobalSection
	GlobalSection(ProjectConfigurationPlatforms) = postSolution
		{D6C97888-BE4A-43E6-B08F-D300ED043066}.Debug|x64.ActiveCfg = Debug|x64
		{D6C97888-BE4A-43E6-B08F-D300ED043066}.Debug|x64.Build.0 = Debug|x64
		{D6C97888-BE4A-43E6-B08F-D300ED043066}.Debug|x86.ActiveCfg = Debug|Win32
		{D6C97888-BE4A-43E6-B08F-D300ED043066}.Debug|x86.Build.0 = Debug|Win32
		{D6C97888-BE4A-43E6-B08F-D300ED043066}.Release|x64.ActiveCfg = Release|x64
		{D6C97888-BE4A-43E6-B08F-D300ED043066}.Release|x64.Build.0 = Release|x64
		{D6C97888-BE4A-43E6-B08F-D300ED043066}.Release|x86.ActiveCfg = Release|Win32
		{D6C97888-BE4A-43E6-B08F-D300ED043066}.Release|x86.Build.0 = Release|Win32
	EndGlobalSection
	GlobalSection(SolutionProperties) = preSolution
		HideSolutionNode = FALSE
	EndGlobalSection
	GlobalSection(ExtensibilityGlobals) = postSolution
		SolutionGuid = {245A219B-83AA-4564-BAEC-ACD5373F7A18}
	EndGlobalSection
EndGlobal
