
Microsoft Visual Studio Solution File, Format Version 12.00
# Visual Studio Version 17
VisualStudioVersion = 17.4.33122.133
MinimumVisualStudioVersion = 10.0.40219.1
Project("{8BC9CEB8-8B4A-11D0-8D11-00A0C91BC942}") = "C++ Get Current Size of Terminal", "C++ Get Current Size of Terminal\C++ Get Current Size of Terminal.vcxproj", "{D2216D8C-C714-424A-A25F-79E05C80FA11}"
EndProject
Global
	GlobalSection(SolutionConfigurationPlatforms) = preSolution
		Debug|x64 = Debug|x64
		Debug|x86 = Debug|x86
		Release|x64 = Release|x64
		Release|x86 = Release|x86
	EndGlobalSection
	GlobalSection(ProjectConfigurationPlatforms) = postSolution
		{D2216D8C-C714-424A-A25F-79E05C80FA11}.Debug|x64.ActiveCfg = Debug|x64
		{D2216D8C-C714-424A-A25F-79E05C80FA11}.Debug|x64.Build.0 = Debug|x64
		{D2216D8C-C714-424A-A25F-79E05C80FA11}.Debug|x86.ActiveCfg = Debug|Win32
		{D2216D8C-C714-424A-A25F-79E05C80FA11}.Debug|x86.Build.0 = Debug|Win32
		{D2216D8C-C714-424A-A25F-79E05C80FA11}.Release|x64.ActiveCfg = Release|x64
		{D2216D8C-C714-424A-A25F-79E05C80FA11}.Release|x64.Build.0 = Release|x64
		{D2216D8C-C714-424A-A25F-79E05C80FA11}.Release|x86.ActiveCfg = Release|Win32
		{D2216D8C-C714-424A-A25F-79E05C80FA11}.Release|x86.Build.0 = Release|Win32
	EndGlobalSection
	GlobalSection(SolutionProperties) = preSolution
		HideSolutionNode = FALSE
	EndGlobalSection
	GlobalSection(ExtensibilityGlobals) = postSolution
		SolutionGuid = {8437E2D3-9481-4ABE-AE30-4C85573B275B}
	EndGlobalSection
EndGlobal
